// !$*UTF8*$!
{
	archiveVersion = 1;
	classes = {
	};
	objectVersion = 46;
	objects = {

/* Begin PBXBuildFile section */
		2B8A4E4E4D90C4DD9EA471F5 /* libPods.a in Frameworks */ = {isa = PBXBuildFile; fileRef = ECD4F8936C1369720004C2C3 /* libPods.a */; };
		E61261491BF1602300BE8E91 /* SwiftyJSON.swift in Sources */ = {isa = PBXBuildFile; fileRef = E61261481BF1602300BE8E91 /* SwiftyJSON.swift */; };
		E612614D1BF160C200BE8E91 /* NSMutableURLRequest+HTTPBody.swift in Sources */ = {isa = PBXBuildFile; fileRef = E612614B1BF160C200BE8E91 /* NSMutableURLRequest+HTTPBody.swift */; };
		E612614E1BF160C200BE8E91 /* NSURL+Queries.swift in Sources */ = {isa = PBXBuildFile; fileRef = E612614C1BF160C200BE8E91 /* NSURL+Queries.swift */; };
		E61CFA1B1C1F8D1F00119148 /* AIRBadAirLocationMarker.swift in Sources */ = {isa = PBXBuildFile; fileRef = E61CFA1A1C1F8D1F00119148 /* AIRBadAirLocationMarker.swift */; };
		E61CFA1D1C1F8E1300119148 /* AIRBadAirLocation.swift in Sources */ = {isa = PBXBuildFile; fileRef = E61CFA1C1C1F8E1300119148 /* AIRBadAirLocation.swift */; };
		E61CFA1F1C1F921C00119148 /* Social.framework in Frameworks */ = {isa = PBXBuildFile; fileRef = E61CFA1E1C1F921C00119148 /* Social.framework */; };
		E62A03C01BF1514A0046ABE0 /* AIRLocationManager.swift in Sources */ = {isa = PBXBuildFile; fileRef = E62A03BE1BF1514A0046ABE0 /* AIRLocationManager.swift */; };
		E62A03C21BF151690046ABE0 /* CoreLocation.framework in Frameworks */ = {isa = PBXBuildFile; fileRef = E62A03C11BF151690046ABE0 /* CoreLocation.framework */; };
		E62A03C41BF157360046ABE0 /* AIRConstant-Private.swift in Sources */ = {isa = PBXBuildFile; fileRef = E62A03C31BF157360046ABE0 /* AIRConstant-Private.swift */; };
		E62A03CA1BF15E9F0046ABE0 /* AIRGoogleMapClient.swift in Sources */ = {isa = PBXBuildFile; fileRef = E62A03C71BF15E9F0046ABE0 /* AIRGoogleMapClient.swift */; };
		E62A03CB1BF15E9F0046ABE0 /* AIRGoogleMapOperationQueue.swift in Sources */ = {isa = PBXBuildFile; fileRef = E62A03C81BF15E9F0046ABE0 /* AIRGoogleMapOperationQueue.swift */; };
		E62F17071C3C45CE002B501F /* AIRChemicalViewController.swift in Sources */ = {isa = PBXBuildFile; fileRef = E62F17061C3C45CE002B501F /* AIRChemicalViewController.swift */; };
		E62F17091C3C485D002B501F /* AIRChemicalGraphView.swift in Sources */ = {isa = PBXBuildFile; fileRef = E62F17081C3C485D002B501F /* AIRChemicalGraphView.swift */; };
		E63DB73D1BF57AA8000E3E42 /* AIRTableViewCell.swift in Sources */ = {isa = PBXBuildFile; fileRef = E63DB73C1BF57AA8000E3E42 /* AIRTableViewCell.swift */; };
		E646B6FE1C5848FF0005899F /* AIRNavigationController.swift in Sources */ = {isa = PBXBuildFile; fileRef = E646B6FD1C5848FF0005899F /* AIRNavigationController.swift */; };
		E647B4771BFBEABB00B2CA4F /* AIRSensor.swift in Sources */ = {isa = PBXBuildFile; fileRef = E647B4761BFBEABB00B2CA4F /* AIRSensor.swift */; };
		E647B4791BFC050F00B2CA4F /* AIRLocationName.swift in Sources */ = {isa = PBXBuildFile; fileRef = E647B4781BFC050F00B2CA4F /* AIRLocationName.swift */; };
		E64ED00D1C5978BC0055B241 /* AIRChemicalGraphTableViewcell.swift in Sources */ = {isa = PBXBuildFile; fileRef = E64ED00B1C5978BC0055B241 /* AIRChemicalGraphTableViewcell.swift */; };
		E64ED00E1C5978BC0055B241 /* AIRChemicalGraphTableViewcell.xib in Resources */ = {isa = PBXBuildFile; fileRef = E64ED00C1C5978BC0055B241 /* AIRChemicalGraphTableViewcell.xib */; };
		E663D21E1C4EF79300926E82 /* NSDateFormatter+USStyle.swift in Sources */ = {isa = PBXBuildFile; fileRef = E663D21D1C4EF79300926E82 /* NSDateFormatter+USStyle.swift */; };
		E6655D1A1BFBA70700D6A2AD /* CSV.swift in Sources */ = {isa = PBXBuildFile; fileRef = E6655D191BFBA70700D6A2AD /* CSV.swift */; };
		E66940351BEAC6E200771F8B /* AppDelegate.swift in Sources */ = {isa = PBXBuildFile; fileRef = E669402D1BEAC6E200771F8B /* AppDelegate.swift */; };
		E66E26F91BFABC60004E58CB /* vasp.csv in Resources */ = {isa = PBXBuildFile; fileRef = E66E26F71BFABC60004E58CB /* vasp.csv */; };
		E66E26FA1BFABC60004E58CB /* ZAIRLOCATION.csv in Resources */ = {isa = PBXBuildFile; fileRef = E66E26F81BFABC60004E58CB /* ZAIRLOCATION.csv */; };
		E6702F521C582FEC002A0F91 /* Array+Slice.swift in Sources */ = {isa = PBXBuildFile; fileRef = E6702F511C582FEC002A0F91 /* Array+Slice.swift */; };
		E67376881C2B657A005E822C /* AIRSummary.swift in Sources */ = {isa = PBXBuildFile; fileRef = E67376851C2B657A005E822C /* AIRSummary.swift */; };
		E67376891C2B657A005E822C /* AIRSummaryViewController.swift in Sources */ = {isa = PBXBuildFile; fileRef = E67376861C2B657A005E822C /* AIRSummaryViewController.swift */; };
		E673768B1C2B69AE005E822C /* Main.storyboard in Resources */ = {isa = PBXBuildFile; fileRef = E673768A1C2B69AE005E822C /* Main.storyboard */; };
		E6743ED41BFFF23000068DE7 /* AIRModel.xcdatamodeld in Sources */ = {isa = PBXBuildFile; fileRef = E6743ED21BFFF23000068DE7 /* AIRModel.xcdatamodeld */; };
		E67D11171C01E8430065266D /* GradientSlider.swift in Sources */ = {isa = PBXBuildFile; fileRef = E67D11161C01E8430065266D /* GradientSlider.swift */; };
		E6839C711BF2B920007BD219 /* CoreData.framework in Frameworks */ = {isa = PBXBuildFile; fileRef = E6839C701BF2B920007BD219 /* CoreData.framework */; };
		E6839C741BF2B939007BD219 /* AIRCoreDataManager.swift in Sources */ = {isa = PBXBuildFile; fileRef = E6839C731BF2B939007BD219 /* AIRCoreDataManager.swift */; };
		E6839C791BF2B974007BD219 /* AIRLocation.swift in Sources */ = {isa = PBXBuildFile; fileRef = E6839C781BF2B974007BD219 /* AIRLocation.swift */; };
		E68654BF1C05281300E10E10 /* AIRSensorClient.swift in Sources */ = {isa = PBXBuildFile; fileRef = E68654BE1C05281300E10E10 /* AIRSensorClient.swift */; };
		E695DA671BF2BEAB0060BF66 /* NSDate+Ago.swift in Sources */ = {isa = PBXBuildFile; fileRef = E695DA661BF2BEAB0060BF66 /* NSDate+Ago.swift */; };
		E695DA6D1BF2C32F0060BF66 /* AIRMapView.swift in Sources */ = {isa = PBXBuildFile; fileRef = E695DA6A1BF2C32F0060BF66 /* AIRMapView.swift */; };
		E695DA6E1BF2C32F0060BF66 /* AIRMapViewController.swift in Sources */ = {isa = PBXBuildFile; fileRef = E695DA6B1BF2C32F0060BF66 /* AIRMapViewController.swift */; };
		E699E9251C2B7A8500633449 /* Assets.xcassets in Resources */ = {isa = PBXBuildFile; fileRef = E699E9241C2B7A8500633449 /* Assets.xcassets */; };
		E6A5CD4C1C3EE553003FCEEC /* AIRLoadingView.swift in Sources */ = {isa = PBXBuildFile; fileRef = E6A5CD4B1C3EE553003FCEEC /* AIRLoadingView.swift */; };
		E6A5CD4E1C3EE7A9003FCEEC /* AIRSummaryView.swift in Sources */ = {isa = PBXBuildFile; fileRef = E6A5CD4D1C3EE7A9003FCEEC /* AIRSummaryView.swift */; };
		E6A6B7621C0FB4740085C291 /* AIRSensorMarker.swift in Sources */ = {isa = PBXBuildFile; fileRef = E6A6B7611C0FB4740085C291 /* AIRSensorMarker.swift */; };
		E6AB22681C5AEE6F0038A65D /* VBPieChart+Chemical.swift in Sources */ = {isa = PBXBuildFile; fileRef = E6AB22671C5AEE6F0038A65D /* VBPieChart+Chemical.swift */; };
		E6B10BAA1C039F3600B77A67 /* UIImage+UIView.swift in Sources */ = {isa = PBXBuildFile; fileRef = E6B10BA91C039F3600B77A67 /* UIImage+UIView.swift */; };
		E6BC9CED1C03878B004769AD /* AIRTimelineView.swift in Sources */ = {isa = PBXBuildFile; fileRef = E6BC9CEB1C03878B004769AD /* AIRTimelineView.swift */; };
		E6C67D7F1C51604C0004E584 /* AIRTutorialViewController.swift in Sources */ = {isa = PBXBuildFile; fileRef = E6C67D7E1C51604C0004E584 /* AIRTutorialViewController.swift */; };
		E6D803FD1BFD444C00A55326 /* AIRSensorManager.swift in Sources */ = {isa = PBXBuildFile; fileRef = E6D803FC1BFD444C00A55326 /* AIRSensorManager.swift */; };
		E6DBB81D1C1223430008A821 /* AIRSettingViewController.swift in Sources */ = {isa = PBXBuildFile; fileRef = E6DBB81C1C1223430008A821 /* AIRSettingViewController.swift */; };
		E6E173251C20C80500F74F8F /* vasp_mgpqm_0.2mile.csv in Resources */ = {isa = PBXBuildFile; fileRef = E6E173241C20C80500F74F8F /* vasp_mgpqm_0.2mile.csv */; };
		E6E26A301C20F91800BE26E5 /* AIRSensorOperationQueue.swift in Sources */ = {isa = PBXBuildFile; fileRef = E6E26A2F1C20F91800BE26E5 /* AIRSensorOperationQueue.swift */; };
		E6E4B73D1BEADEC6002DEAB1 /* AIRConstant.swift in Sources */ = {isa = PBXBuildFile; fileRef = E6E4B73C1BEADEC6002DEAB1 /* AIRConstant.swift */; };
		E6E8AF961C17C49D00605151 /* BLMultiColorLoader.m in Sources */ = {isa = PBXBuildFile; fileRef = E6E8AF951C17C49D00605151 /* BLMultiColorLoader.m */; };
		E6F4DCDA1C0DB72A00F8DA0F /* String+Justified.swift in Sources */ = {isa = PBXBuildFile; fileRef = E6F4DCD91C0DB72A00F8DA0F /* String+Justified.swift */; };
		E6FDD45D1C237CA4005C3340 /* AIRUserClient.swift in Sources */ = {isa = PBXBuildFile; fileRef = E6FDD45A1C237CA4005C3340 /* AIRUserClient.swift */; };
		E6FDD45E1C237CA4005C3340 /* AIRUserOperationQueue.swift in Sources */ = {isa = PBXBuildFile; fileRef = E6FDD45B1C237CA4005C3340 /* AIRUserOperationQueue.swift */; };
		E6FDD4601C2386C2005C3340 /* AIRUser.swift in Sources */ = {isa = PBXBuildFile; fileRef = E6FDD45F1C2386C2005C3340 /* AIRUser.swift */; };
		E6FDD4621C238C99005C3340 /* AIRUserMarker.swift in Sources */ = {isa = PBXBuildFile; fileRef = E6FDD4611C238C99005C3340 /* AIRUserMarker.swift */; };
/* End PBXBuildFile section */

/* Begin PBXFileReference section */
		23E31CF8721E70B566D8D7B1 /* Pods.debug.xcconfig */ = {isa = PBXFileReference; includeInIndex = 1; lastKnownFileType = text.xcconfig; name = Pods.debug.xcconfig; path = "Pods/Target Support Files/Pods/Pods.debug.xcconfig"; sourceTree = "<group>"; };
		C87B605346AAD2704EEC5D7B /* Pods.release.xcconfig */ = {isa = PBXFileReference; includeInIndex = 1; lastKnownFileType = text.xcconfig; name = Pods.release.xcconfig; path = "Pods/Target Support Files/Pods/Pods.release.xcconfig"; sourceTree = "<group>"; };
		E61261471BF1602300BE8E91 /* SwiftyJSON.h */ = {isa = PBXFileReference; fileEncoding = 4; lastKnownFileType = sourcecode.c.h; name = SwiftyJSON.h; path = SwiftyJSON/Source/SwiftyJSON.h; sourceTree = "<group>"; };
		E61261481BF1602300BE8E91 /* SwiftyJSON.swift */ = {isa = PBXFileReference; fileEncoding = 4; lastKnownFileType = sourcecode.swift; name = SwiftyJSON.swift; path = SwiftyJSON/Source/SwiftyJSON.swift; sourceTree = "<group>"; };
		E612614B1BF160C200BE8E91 /* NSMutableURLRequest+HTTPBody.swift */ = {isa = PBXFileReference; fileEncoding = 4; lastKnownFileType = sourcecode.swift; path = "NSMutableURLRequest+HTTPBody.swift"; sourceTree = "<group>"; };
		E612614C1BF160C200BE8E91 /* NSURL+Queries.swift */ = {isa = PBXFileReference; fileEncoding = 4; lastKnownFileType = sourcecode.swift; path = "NSURL+Queries.swift"; sourceTree = "<group>"; };
		E61CFA1A1C1F8D1F00119148 /* AIRBadAirLocationMarker.swift */ = {isa = PBXFileReference; fileEncoding = 4; lastKnownFileType = sourcecode.swift; path = AIRBadAirLocationMarker.swift; sourceTree = "<group>"; };
		E61CFA1C1C1F8E1300119148 /* AIRBadAirLocation.swift */ = {isa = PBXFileReference; fileEncoding = 4; lastKnownFileType = sourcecode.swift; path = AIRBadAirLocation.swift; sourceTree = "<group>"; };
		E61CFA1E1C1F921C00119148 /* Social.framework */ = {isa = PBXFileReference; lastKnownFileType = wrapper.framework; name = Social.framework; path = System/Library/Frameworks/Social.framework; sourceTree = SDKROOT; };
		E62A03BE1BF1514A0046ABE0 /* AIRLocationManager.swift */ = {isa = PBXFileReference; fileEncoding = 4; lastKnownFileType = sourcecode.swift; path = AIRLocationManager.swift; sourceTree = "<group>"; };
		E62A03C11BF151690046ABE0 /* CoreLocation.framework */ = {isa = PBXFileReference; lastKnownFileType = wrapper.framework; name = CoreLocation.framework; path = System/Library/Frameworks/CoreLocation.framework; sourceTree = SDKROOT; };
		E62A03C31BF157360046ABE0 /* AIRConstant-Private.swift */ = {isa = PBXFileReference; fileEncoding = 4; lastKnownFileType = sourcecode.swift; path = "AIRConstant-Private.swift"; sourceTree = "<group>"; };
		E62A03C71BF15E9F0046ABE0 /* AIRGoogleMapClient.swift */ = {isa = PBXFileReference; fileEncoding = 4; lastKnownFileType = sourcecode.swift; path = AIRGoogleMapClient.swift; sourceTree = "<group>"; };
		E62A03C81BF15E9F0046ABE0 /* AIRGoogleMapOperationQueue.swift */ = {isa = PBXFileReference; fileEncoding = 4; lastKnownFileType = sourcecode.swift; path = AIRGoogleMapOperationQueue.swift; sourceTree = "<group>"; };
		E62F17061C3C45CE002B501F /* AIRChemicalViewController.swift */ = {isa = PBXFileReference; fileEncoding = 4; lastKnownFileType = sourcecode.swift; path = AIRChemicalViewController.swift; sourceTree = "<group>"; };
		E62F17081C3C485D002B501F /* AIRChemicalGraphView.swift */ = {isa = PBXFileReference; fileEncoding = 4; lastKnownFileType = sourcecode.swift; path = AIRChemicalGraphView.swift; sourceTree = "<group>"; };
		E63DB73C1BF57AA8000E3E42 /* AIRTableViewCell.swift */ = {isa = PBXFileReference; fileEncoding = 4; lastKnownFileType = sourcecode.swift; path = AIRTableViewCell.swift; sourceTree = "<group>"; };
		E646B6FD1C5848FF0005899F /* AIRNavigationController.swift */ = {isa = PBXFileReference; fileEncoding = 4; lastKnownFileType = sourcecode.swift; path = AIRNavigationController.swift; sourceTree = "<group>"; };
		E647B4761BFBEABB00B2CA4F /* AIRSensor.swift */ = {isa = PBXFileReference; fileEncoding = 4; lastKnownFileType = sourcecode.swift; path = AIRSensor.swift; sourceTree = "<group>"; };
		E647B4781BFC050F00B2CA4F /* AIRLocationName.swift */ = {isa = PBXFileReference; fileEncoding = 4; lastKnownFileType = sourcecode.swift; path = AIRLocationName.swift; sourceTree = "<group>"; };
		E64ED00B1C5978BC0055B241 /* AIRChemicalGraphTableViewcell.swift */ = {isa = PBXFileReference; fileEncoding = 4; lastKnownFileType = sourcecode.swift; path = AIRChemicalGraphTableViewcell.swift; sourceTree = "<group>"; };
		E64ED00C1C5978BC0055B241 /* AIRChemicalGraphTableViewcell.xib */ = {isa = PBXFileReference; fileEncoding = 4; lastKnownFileType = file.xib; path = AIRChemicalGraphTableViewcell.xib; sourceTree = "<group>"; };
		E663D21D1C4EF79300926E82 /* NSDateFormatter+USStyle.swift */ = {isa = PBXFileReference; fileEncoding = 4; lastKnownFileType = sourcecode.swift; path = "NSDateFormatter+USStyle.swift"; sourceTree = "<group>"; };
		E6655D191BFBA70700D6A2AD /* CSV.swift */ = {isa = PBXFileReference; fileEncoding = 4; lastKnownFileType = sourcecode.swift; name = CSV.swift; path = SwiftCSV/SwiftCSV/CSV.swift; sourceTree = "<group>"; };
		E669402D1BEAC6E200771F8B /* AppDelegate.swift */ = {isa = PBXFileReference; fileEncoding = 4; lastKnownFileType = sourcecode.swift; path = AppDelegate.swift; sourceTree = "<group>"; };
		E66E26F71BFABC60004E58CB /* vasp.csv */ = {isa = PBXFileReference; fileEncoding = 4; lastKnownFileType = text; path = vasp.csv; sourceTree = "<group>"; };
		E66E26F81BFABC60004E58CB /* ZAIRLOCATION.csv */ = {isa = PBXFileReference; fileEncoding = 4; lastKnownFileType = text; path = ZAIRLOCATION.csv; sourceTree = "<group>"; };
		E6702F511C582FEC002A0F91 /* Array+Slice.swift */ = {isa = PBXFileReference; fileEncoding = 4; lastKnownFileType = sourcecode.swift; path = "Array+Slice.swift"; sourceTree = "<group>"; };
		E67376851C2B657A005E822C /* AIRSummary.swift */ = {isa = PBXFileReference; fileEncoding = 4; lastKnownFileType = sourcecode.swift; path = AIRSummary.swift; sourceTree = "<group>"; };
		E67376861C2B657A005E822C /* AIRSummaryViewController.swift */ = {isa = PBXFileReference; fileEncoding = 4; lastKnownFileType = sourcecode.swift; path = AIRSummaryViewController.swift; sourceTree = "<group>"; };
		E673768A1C2B69AE005E822C /* Main.storyboard */ = {isa = PBXFileReference; fileEncoding = 4; lastKnownFileType = file.storyboard; path = Main.storyboard; sourceTree = "<group>"; };
		E6743ED31BFFF23000068DE7 /* AIRModel.xcdatamodel */ = {isa = PBXFileReference; lastKnownFileType = wrapper.xcdatamodel; path = AIRModel.xcdatamodel; sourceTree = "<group>"; };
		E6758C6C1BEAC4D5005C1696 /* air-health.app */ = {isa = PBXFileReference; explicitFileType = wrapper.application; includeInIndex = 0; path = "air-health.app"; sourceTree = BUILT_PRODUCTS_DIR; };
		E67D11161C01E8430065266D /* GradientSlider.swift */ = {isa = PBXFileReference; fileEncoding = 4; lastKnownFileType = sourcecode.swift; name = GradientSlider.swift; path = GradientSlider/GradientSlider/GradientSlider.swift; sourceTree = "<group>"; };
		E6839C701BF2B920007BD219 /* CoreData.framework */ = {isa = PBXFileReference; lastKnownFileType = wrapper.framework; name = CoreData.framework; path = System/Library/Frameworks/CoreData.framework; sourceTree = SDKROOT; };
		E6839C731BF2B939007BD219 /* AIRCoreDataManager.swift */ = {isa = PBXFileReference; fileEncoding = 4; lastKnownFileType = sourcecode.swift; path = AIRCoreDataManager.swift; sourceTree = "<group>"; };
		E6839C781BF2B974007BD219 /* AIRLocation.swift */ = {isa = PBXFileReference; fileEncoding = 4; lastKnownFileType = sourcecode.swift; path = AIRLocation.swift; sourceTree = "<group>"; };
		E68654BE1C05281300E10E10 /* AIRSensorClient.swift */ = {isa = PBXFileReference; fileEncoding = 4; lastKnownFileType = sourcecode.swift; path = AIRSensorClient.swift; sourceTree = "<group>"; };
		E695DA661BF2BEAB0060BF66 /* NSDate+Ago.swift */ = {isa = PBXFileReference; fileEncoding = 4; lastKnownFileType = sourcecode.swift; path = "NSDate+Ago.swift"; sourceTree = "<group>"; };
		E695DA6A1BF2C32F0060BF66 /* AIRMapView.swift */ = {isa = PBXFileReference; fileEncoding = 4; lastKnownFileType = sourcecode.swift; path = AIRMapView.swift; sourceTree = "<group>"; };
		E695DA6B1BF2C32F0060BF66 /* AIRMapViewController.swift */ = {isa = PBXFileReference; fileEncoding = 4; lastKnownFileType = sourcecode.swift; path = AIRMapViewController.swift; sourceTree = "<group>"; };
		E699E9241C2B7A8500633449 /* Assets.xcassets */ = {isa = PBXFileReference; lastKnownFileType = folder.assetcatalog; path = Assets.xcassets; sourceTree = "<group>"; };
		E6A5CD4B1C3EE553003FCEEC /* AIRLoadingView.swift */ = {isa = PBXFileReference; fileEncoding = 4; lastKnownFileType = sourcecode.swift; path = AIRLoadingView.swift; sourceTree = "<group>"; };
		E6A5CD4D1C3EE7A9003FCEEC /* AIRSummaryView.swift */ = {isa = PBXFileReference; fileEncoding = 4; lastKnownFileType = sourcecode.swift; path = AIRSummaryView.swift; sourceTree = "<group>"; };
		E6A6B7611C0FB4740085C291 /* AIRSensorMarker.swift */ = {isa = PBXFileReference; fileEncoding = 4; lastKnownFileType = sourcecode.swift; path = AIRSensorMarker.swift; sourceTree = "<group>"; };
		E6AB22671C5AEE6F0038A65D /* VBPieChart+Chemical.swift */ = {isa = PBXFileReference; fileEncoding = 4; lastKnownFileType = sourcecode.swift; path = "VBPieChart+Chemical.swift"; sourceTree = "<group>"; };
		E6AEF7E81BEBFB89000102E2 /* air-health-Bridging-Header.h */ = {isa = PBXFileReference; lastKnownFileType = sourcecode.c.h; path = "air-health-Bridging-Header.h"; sourceTree = "<group>"; };
		E6B10BA91C039F3600B77A67 /* UIImage+UIView.swift */ = {isa = PBXFileReference; fileEncoding = 4; lastKnownFileType = sourcecode.swift; path = "UIImage+UIView.swift"; sourceTree = "<group>"; };
		E6BC9CEB1C03878B004769AD /* AIRTimelineView.swift */ = {isa = PBXFileReference; fileEncoding = 4; lastKnownFileType = sourcecode.swift; path = AIRTimelineView.swift; sourceTree = "<group>"; };
		E6C67D7E1C51604C0004E584 /* AIRTutorialViewController.swift */ = {isa = PBXFileReference; fileEncoding = 4; lastKnownFileType = sourcecode.swift; path = AIRTutorialViewController.swift; sourceTree = "<group>"; };
		E6D803FC1BFD444C00A55326 /* AIRSensorManager.swift */ = {isa = PBXFileReference; fileEncoding = 4; lastKnownFileType = sourcecode.swift; path = AIRSensorManager.swift; sourceTree = "<group>"; };
		E6DBB81C1C1223430008A821 /* AIRSettingViewController.swift */ = {isa = PBXFileReference; fileEncoding = 4; lastKnownFileType = sourcecode.swift; path = AIRSettingViewController.swift; sourceTree = "<group>"; };
		E6E173241C20C80500F74F8F /* vasp_mgpqm_0.2mile.csv */ = {isa = PBXFileReference; fileEncoding = 4; lastKnownFileType = text; path = vasp_mgpqm_0.2mile.csv; sourceTree = "<group>"; };
		E6E26A2F1C20F91800BE26E5 /* AIRSensorOperationQueue.swift */ = {isa = PBXFileReference; fileEncoding = 4; lastKnownFileType = sourcecode.swift; path = AIRSensorOperationQueue.swift; sourceTree = "<group>"; };
		E6E4B73C1BEADEC6002DEAB1 /* AIRConstant.swift */ = {isa = PBXFileReference; fileEncoding = 4; lastKnownFileType = sourcecode.swift; path = AIRConstant.swift; sourceTree = "<group>"; };
		E6E8AF941C17C49D00605151 /* BLMultiColorLoader.h */ = {isa = PBXFileReference; fileEncoding = 4; lastKnownFileType = sourcecode.c.h; path = BLMultiColorLoader.h; sourceTree = "<group>"; };
		E6E8AF951C17C49D00605151 /* BLMultiColorLoader.m */ = {isa = PBXFileReference; fileEncoding = 4; lastKnownFileType = sourcecode.c.objc; path = BLMultiColorLoader.m; sourceTree = "<group>"; };
		E6F4DCD91C0DB72A00F8DA0F /* String+Justified.swift */ = {isa = PBXFileReference; fileEncoding = 4; lastKnownFileType = sourcecode.swift; path = "String+Justified.swift"; sourceTree = "<group>"; };
		E6FDD45A1C237CA4005C3340 /* AIRUserClient.swift */ = {isa = PBXFileReference; fileEncoding = 4; lastKnownFileType = sourcecode.swift; path = AIRUserClient.swift; sourceTree = "<group>"; };
		E6FDD45B1C237CA4005C3340 /* AIRUserOperationQueue.swift */ = {isa = PBXFileReference; fileEncoding = 4; lastKnownFileType = sourcecode.swift; path = AIRUserOperationQueue.swift; sourceTree = "<group>"; };
		E6FDD45F1C2386C2005C3340 /* AIRUser.swift */ = {isa = PBXFileReference; fileEncoding = 4; lastKnownFileType = sourcecode.swift; path = AIRUser.swift; sourceTree = "<group>"; };
		E6FDD4611C238C99005C3340 /* AIRUserMarker.swift */ = {isa = PBXFileReference; fileEncoding = 4; lastKnownFileType = sourcecode.swift; path = AIRUserMarker.swift; sourceTree = "<group>"; };
		ECD4F8936C1369720004C2C3 /* libPods.a */ = {isa = PBXFileReference; explicitFileType = archive.ar; includeInIndex = 0; path = libPods.a; sourceTree = BUILT_PRODUCTS_DIR; };
/* End PBXFileReference section */

/* Begin PBXFrameworksBuildPhase section */
		E6758C691BEAC4D5005C1696 /* Frameworks */ = {
			isa = PBXFrameworksBuildPhase;
			buildActionMask = 2147483647;
			files = (
				E61CFA1F1C1F921C00119148 /* Social.framework in Frameworks */,
				E6839C711BF2B920007BD219 /* CoreData.framework in Frameworks */,
				E62A03C21BF151690046ABE0 /* CoreLocation.framework in Frameworks */,
				2B8A4E4E4D90C4DD9EA471F5 /* libPods.a in Frameworks */,
			);
			runOnlyForDeploymentPostprocessing = 0;
		};
/* End PBXFrameworksBuildPhase section */

/* Begin PBXGroup section */
		4FB58A622689FD9BC70DBE5D /* Frameworks */ = {
			isa = PBXGroup;
			children = (
				E61CFA1E1C1F921C00119148 /* Social.framework */,
				E6839C701BF2B920007BD219 /* CoreData.framework */,
				E62A03C11BF151690046ABE0 /* CoreLocation.framework */,
				ECD4F8936C1369720004C2C3 /* libPods.a */,
			);
			name = Frameworks;
			sourceTree = "<group>";
		};
		A64E5440EFE933A2007794F7 /* Pods */ = {
			isa = PBXGroup;
			children = (
				23E31CF8721E70B566D8D7B1 /* Pods.debug.xcconfig */,
				C87B605346AAD2704EEC5D7B /* Pods.release.xcconfig */,
			);
			name = Pods;
			sourceTree = "<group>";
		};
		E61261461BF1601200BE8E91 /* SwiftyJSON */ = {
			isa = PBXGroup;
			children = (
				E61261471BF1602300BE8E91 /* SwiftyJSON.h */,
				E61261481BF1602300BE8E91 /* SwiftyJSON.swift */,
			);
			name = SwiftyJSON;
			sourceTree = "<group>";
		};
		E612614A1BF160C200BE8E91 /* NSFoundation+Extension */ = {
			isa = PBXGroup;
			children = (
				E6702F511C582FEC002A0F91 /* Array+Slice.swift */,
				E6F4DCD91C0DB72A00F8DA0F /* String+Justified.swift */,
				E695DA661BF2BEAB0060BF66 /* NSDate+Ago.swift */,
				E612614B1BF160C200BE8E91 /* NSMutableURLRequest+HTTPBody.swift */,
				E612614C1BF160C200BE8E91 /* NSURL+Queries.swift */,
				E663D21D1C4EF79300926E82 /* NSDateFormatter+USStyle.swift */,
			);
			path = "NSFoundation+Extension";
			sourceTree = "<group>";
		};
		E62A03BC1BF1514A0046ABE0 /* Location */ = {
			isa = PBXGroup;
			children = (
				E61CFA1C1C1F8E1300119148 /* AIRBadAirLocation.swift */,
				E61CFA1A1C1F8D1F00119148 /* AIRBadAirLocationMarker.swift */,
				E6839C781BF2B974007BD219 /* AIRLocation.swift */,
				E647B4781BFC050F00B2CA4F /* AIRLocationName.swift */,
				E62A03BE1BF1514A0046ABE0 /* AIRLocationManager.swift */,
			);
			path = Location;
			sourceTree = "<group>";
		};
		E62A03C51BF15E9F0046ABE0 /* Google */ = {
			isa = PBXGroup;
			children = (
				E62A03C71BF15E9F0046ABE0 /* AIRGoogleMapClient.swift */,
				E62A03C81BF15E9F0046ABE0 /* AIRGoogleMapOperationQueue.swift */,
			);
			path = Google;
			sourceTree = "<group>";
		};
		E62F17051C3C45CE002B501F /* Chemical */ = {
			isa = PBXGroup;
			children = (
				E62F17081C3C485D002B501F /* AIRChemicalGraphView.swift */,
				E62F17061C3C45CE002B501F /* AIRChemicalViewController.swift */,
				E64ED00B1C5978BC0055B241 /* AIRChemicalGraphTableViewcell.swift */,
				E64ED00C1C5978BC0055B241 /* AIRChemicalGraphTableViewcell.xib */,
			);
			path = Chemical;
			sourceTree = "<group>";
		};
		E63DB73B1BF57AA8000E3E42 /* UIKit+Extension */ = {
			isa = PBXGroup;
			children = (
				E6AB22671C5AEE6F0038A65D /* VBPieChart+Chemical.swift */,
				E6B10BA91C039F3600B77A67 /* UIImage+UIView.swift */,
				E63DB73C1BF57AA8000E3E42 /* AIRTableViewCell.swift */,
			);
			path = "UIKit+Extension";
			sourceTree = "<group>";
		};
		E647B4751BFBEABB00B2CA4F /* Sensor */ = {
			isa = PBXGroup;
			children = (
				E647B4761BFBEABB00B2CA4F /* AIRSensor.swift */,
				E6D803FC1BFD444C00A55326 /* AIRSensorManager.swift */,
				E68654BE1C05281300E10E10 /* AIRSensorClient.swift */,
				E6E26A2F1C20F91800BE26E5 /* AIRSensorOperationQueue.swift */,
				E6A6B7611C0FB4740085C291 /* AIRSensorMarker.swift */,
			);
			path = Sensor;
			sourceTree = "<group>";
		};
		E6655D181BFBA6F000D6A2AD /* SwiftCSV */ = {
			isa = PBXGroup;
			children = (
				E6655D191BFBA70700D6A2AD /* CSV.swift */,
			);
			name = SwiftCSV;
			sourceTree = "<group>";
		};
		E669402B1BEAC6E200771F8B /* Classes */ = {
			isa = PBXGroup;
			children = (
				E673768A1C2B69AE005E822C /* Main.storyboard */,
				E6AEF7E81BEBFB89000102E2 /* air-health-Bridging-Header.h */,
				E62A03C31BF157360046ABE0 /* AIRConstant-Private.swift */,
				E6E4B73C1BEADEC6002DEAB1 /* AIRConstant.swift */,
				E646B6FD1C5848FF0005899F /* AIRNavigationController.swift */,
				E669402D1BEAC6E200771F8B /* AppDelegate.swift */,
				E67376831C2B657A005E822C /* Summary */,
				E62F17051C3C45CE002B501F /* Chemical */,
				E695DA681BF2C32F0060BF66 /* Map */,
				E6DBB81B1C1223430008A821 /* Setting */,
				E6CA343C1C44503C00691B4F /* Tutorial */,
				E62A03BC1BF1514A0046ABE0 /* Location */,
				E6FDD4581C237CA4005C3340 /* User */,
				E647B4751BFBEABB00B2CA4F /* Sensor */,
				E62A03C51BF15E9F0046ABE0 /* Google */,
				E612614A1BF160C200BE8E91 /* NSFoundation+Extension */,
				E63DB73B1BF57AA8000E3E42 /* UIKit+Extension */,
				E6839C721BF2B939007BD219 /* Model */,
				E6E8AF931C17C49D00605151 /* BLMultiColorLoader */,
				E61261461BF1601200BE8E91 /* SwiftyJSON */,
				E67D11151C01E82E0065266D /* GradientSlider */,
				E6655D181BFBA6F000D6A2AD /* SwiftCSV */,
			);
			path = Classes;
			sourceTree = "<group>";
		};
		E66940301BEAC6E200771F8B /* Resources */ = {
			isa = PBXGroup;
			children = (
				E699E9241C2B7A8500633449 /* Assets.xcassets */,
				E66E26F61BFABC60004E58CB /* CSVs */,
				E66940321BEAC6E200771F8B /* Plists */,
			);
			path = Resources;
			sourceTree = "<group>";
		};
		E66940321BEAC6E200771F8B /* Plists */ = {
			isa = PBXGroup;
			children = (
			);
			path = Plists;
			sourceTree = "<group>";
		};
		E66E26F61BFABC60004E58CB /* CSVs */ = {
			isa = PBXGroup;
			children = (
				E6E173241C20C80500F74F8F /* vasp_mgpqm_0.2mile.csv */,
				E66E26F71BFABC60004E58CB /* vasp.csv */,
				E66E26F81BFABC60004E58CB /* ZAIRLOCATION.csv */,
			);
			path = CSVs;
			sourceTree = "<group>";
		};
		E67376831C2B657A005E822C /* Summary */ = {
			isa = PBXGroup;
			children = (
				E6A5CD4B1C3EE553003FCEEC /* AIRLoadingView.swift */,
				E67376851C2B657A005E822C /* AIRSummary.swift */,
				E6A5CD4D1C3EE7A9003FCEEC /* AIRSummaryView.swift */,
				E67376861C2B657A005E822C /* AIRSummaryViewController.swift */,
			);
			path = Summary;
			sourceTree = "<group>";
		};
		E6758C631BEAC4D5005C1696 = {
			isa = PBXGroup;
			children = (
				E6758C6E1BEAC4D5005C1696 /* air-health */,
				E6758C6D1BEAC4D5005C1696 /* Products */,
				A64E5440EFE933A2007794F7 /* Pods */,
				4FB58A622689FD9BC70DBE5D /* Frameworks */,
			);
			sourceTree = "<group>";
		};
		E6758C6D1BEAC4D5005C1696 /* Products */ = {
			isa = PBXGroup;
			children = (
				E6758C6C1BEAC4D5005C1696 /* air-health.app */,
			);
			name = Products;
			sourceTree = "<group>";
		};
		E6758C6E1BEAC4D5005C1696 /* air-health */ = {
			isa = PBXGroup;
			children = (
				E669402B1BEAC6E200771F8B /* Classes */,
				E66940301BEAC6E200771F8B /* Resources */,
			);
			path = "air-health";
			sourceTree = "<group>";
		};
		E67D11151C01E82E0065266D /* GradientSlider */ = {
			isa = PBXGroup;
			children = (
				E67D11161C01E8430065266D /* GradientSlider.swift */,
			);
			name = GradientSlider;
			sourceTree = "<group>";
		};
		E6839C721BF2B939007BD219 /* Model */ = {
			isa = PBXGroup;
			children = (
				E6743ED21BFFF23000068DE7 /* AIRModel.xcdatamodeld */,
				E6839C731BF2B939007BD219 /* AIRCoreDataManager.swift */,
			);
			path = Model;
			sourceTree = "<group>";
		};
		E695DA681BF2C32F0060BF66 /* Map */ = {
			isa = PBXGroup;
			children = (
				E695DA6B1BF2C32F0060BF66 /* AIRMapViewController.swift */,
				E6BC9CEB1C03878B004769AD /* AIRTimelineView.swift */,
				E695DA6A1BF2C32F0060BF66 /* AIRMapView.swift */,
			);
			path = Map;
			sourceTree = "<group>";
		};
		E6CA343C1C44503C00691B4F /* Tutorial */ = {
			isa = PBXGroup;
			children = (
				E6C67D7E1C51604C0004E584 /* AIRTutorialViewController.swift */,
			);
			path = Tutorial;
			sourceTree = "<group>";
		};
		E6DBB81B1C1223430008A821 /* Setting */ = {
			isa = PBXGroup;
			children = (
				E6DBB81C1C1223430008A821 /* AIRSettingViewController.swift */,
			);
			path = Setting;
			sourceTree = "<group>";
		};
		E6E8AF931C17C49D00605151 /* BLMultiColorLoader */ = {
			isa = PBXGroup;
			children = (
				E6E8AF941C17C49D00605151 /* BLMultiColorLoader.h */,
				E6E8AF951C17C49D00605151 /* BLMultiColorLoader.m */,
			);
			path = BLMultiColorLoader;
			sourceTree = "<group>";
		};
		E6FDD4581C237CA4005C3340 /* User */ = {
			isa = PBXGroup;
			children = (
				E6FDD45F1C2386C2005C3340 /* AIRUser.swift */,
				E6FDD4611C238C99005C3340 /* AIRUserMarker.swift */,
				E6FDD45A1C237CA4005C3340 /* AIRUserClient.swift */,
				E6FDD45B1C237CA4005C3340 /* AIRUserOperationQueue.swift */,
			);
			path = User;
			sourceTree = "<group>";
		};
/* End PBXGroup section */

/* Begin PBXNativeTarget section */
		E6758C6B1BEAC4D5005C1696 /* air-health */ = {
			isa = PBXNativeTarget;
			buildConfigurationList = E6758C7E1BEAC4D5005C1696 /* Build configuration list for PBXNativeTarget "air-health" */;
			buildPhases = (
				CAACF38CCD4FCC9F3EE3E407 /* Check Pods Manifest.lock */,
				E6758C681BEAC4D5005C1696 /* Sources */,
				E6758C691BEAC4D5005C1696 /* Frameworks */,
				E6758C6A1BEAC4D5005C1696 /* Resources */,
				259C51E67BB50DB6E3DEA243 /* Copy Pods Resources */,
				64F14E7E99495F950E66D97D /* Embed Pods Frameworks */,
				E61CEF511C21E8630073B6C5 /* ShellScript */,
			);
			buildRules = (
			);
			dependencies = (
			);
			name = "air-health";
			productName = "air-health";
			productReference = E6758C6C1BEAC4D5005C1696 /* air-health.app */;
			productType = "com.apple.product-type.application";
		};
/* End PBXNativeTarget section */

/* Begin PBXProject section */
		E6758C641BEAC4D5005C1696 /* Project object */ = {
			isa = PBXProject;
			attributes = {
				LastSwiftUpdateCheck = 0710;
				LastUpgradeCheck = 0710;
				ORGANIZATIONNAME = InolabSF;
				TargetAttributes = {
					E6758C6B1BEAC4D5005C1696 = {
						CreatedOnToolsVersion = 7.1;
						DevelopmentTeam = RZSN6RVCLX;
						SystemCapabilities = {
							com.apple.BackgroundModes = {
								enabled = 1;
							};
						};
					};
				};
			};
			buildConfigurationList = E6758C671BEAC4D5005C1696 /* Build configuration list for PBXProject "air-health" */;
			compatibilityVersion = "Xcode 3.2";
			developmentRegion = English;
			hasScannedForEncodings = 0;
			knownRegions = (
				en,
				Base,
			);
			mainGroup = E6758C631BEAC4D5005C1696;
			productRefGroup = E6758C6D1BEAC4D5005C1696 /* Products */;
			projectDirPath = "";
			projectRoot = "";
			targets = (
				E6758C6B1BEAC4D5005C1696 /* air-health */,
			);
		};
/* End PBXProject section */

/* Begin PBXResourcesBuildPhase section */
		E6758C6A1BEAC4D5005C1696 /* Resources */ = {
			isa = PBXResourcesBuildPhase;
			buildActionMask = 2147483647;
			files = (
				E66E26F91BFABC60004E58CB /* vasp.csv in Resources */,
				E673768B1C2B69AE005E822C /* Main.storyboard in Resources */,
				E6E173251C20C80500F74F8F /* vasp_mgpqm_0.2mile.csv in Resources */,
				E64ED00E1C5978BC0055B241 /* AIRChemicalGraphTableViewcell.xib in Resources */,
				E66E26FA1BFABC60004E58CB /* ZAIRLOCATION.csv in Resources */,
				E699E9251C2B7A8500633449 /* Assets.xcassets in Resources */,
			);
			runOnlyForDeploymentPostprocessing = 0;
		};
/* End PBXResourcesBuildPhase section */

/* Begin PBXShellScriptBuildPhase section */
		259C51E67BB50DB6E3DEA243 /* Copy Pods Resources */ = {
			isa = PBXShellScriptBuildPhase;
			buildActionMask = 2147483647;
			files = (
			);
			inputPaths = (
			);
			name = "Copy Pods Resources";
			outputPaths = (
			);
			runOnlyForDeploymentPostprocessing = 0;
			shellPath = /bin/sh;
			shellScript = "\"${SRCROOT}/Pods/Target Support Files/Pods/Pods-resources.sh\"\n";
			showEnvVarsInLog = 0;
		};
		64F14E7E99495F950E66D97D /* Embed Pods Frameworks */ = {
			isa = PBXShellScriptBuildPhase;
			buildActionMask = 2147483647;
			files = (
			);
			inputPaths = (
			);
			name = "Embed Pods Frameworks";
			outputPaths = (
			);
			runOnlyForDeploymentPostprocessing = 0;
			shellPath = /bin/sh;
			shellScript = "\"${SRCROOT}/Pods/Target Support Files/Pods/Pods-frameworks.sh\"\n";
			showEnvVarsInLog = 0;
		};
		CAACF38CCD4FCC9F3EE3E407 /* Check Pods Manifest.lock */ = {
			isa = PBXShellScriptBuildPhase;
			buildActionMask = 2147483647;
			files = (
			);
			inputPaths = (
			);
			name = "Check Pods Manifest.lock";
			outputPaths = (
			);
			runOnlyForDeploymentPostprocessing = 0;
			shellPath = /bin/sh;
			shellScript = "diff \"${PODS_ROOT}/../Podfile.lock\" \"${PODS_ROOT}/Manifest.lock\" > /dev/null\nif [[ $? != 0 ]] ; then\n    cat << EOM\nerror: The sandbox is not in sync with the Podfile.lock. Run 'pod install' or update your CocoaPods installation.\nEOM\n    exit 1\nfi\n";
			showEnvVarsInLog = 0;
		};
		E61CEF511C21E8630073B6C5 /* ShellScript */ = {
			isa = PBXShellScriptBuildPhase;
			buildActionMask = 2147483647;
			files = (
			);
			inputPaths = (
			);
			outputPaths = (
			);
			runOnlyForDeploymentPostprocessing = 0;
			shellPath = /bin/sh;
			shellScript = "\"${PODS_ROOT}/Fabric/run\" 9bb773c2e8a5e76abeef2dade9e2c2e47ec1af70 7e8544369e2375b5ed5831a84a0523d4c9e6dade434f568d8b0d28fded91bbd8";
		};
/* End PBXShellScriptBuildPhase section */

/* Begin PBXSourcesBuildPhase section */
		E6758C681BEAC4D5005C1696 /* Sources */ = {
			isa = PBXSourcesBuildPhase;
			buildActionMask = 2147483647;
			files = (
				E695DA6E1BF2C32F0060BF66 /* AIRMapViewController.swift in Sources */,
				E62A03CA1BF15E9F0046ABE0 /* AIRGoogleMapClient.swift in Sources */,
				E6FDD4621C238C99005C3340 /* AIRUserMarker.swift in Sources */,
				E63DB73D1BF57AA8000E3E42 /* AIRTableViewCell.swift in Sources */,
				E612614E1BF160C200BE8E91 /* NSURL+Queries.swift in Sources */,
				E695DA6D1BF2C32F0060BF66 /* AIRMapView.swift in Sources */,
				E61261491BF1602300BE8E91 /* SwiftyJSON.swift in Sources */,
				E6FDD45E1C237CA4005C3340 /* AIRUserOperationQueue.swift in Sources */,
				E6743ED41BFFF23000068DE7 /* AIRModel.xcdatamodeld in Sources */,
				E663D21E1C4EF79300926E82 /* NSDateFormatter+USStyle.swift in Sources */,
				E67376881C2B657A005E822C /* AIRSummary.swift in Sources */,
				E6655D1A1BFBA70700D6A2AD /* CSV.swift in Sources */,
				E612614D1BF160C200BE8E91 /* NSMutableURLRequest+HTTPBody.swift in Sources */,
				E66940351BEAC6E200771F8B /* AppDelegate.swift in Sources */,
				E6702F521C582FEC002A0F91 /* Array+Slice.swift in Sources */,
				E6A6B7621C0FB4740085C291 /* AIRSensorMarker.swift in Sources */,
				E6839C791BF2B974007BD219 /* AIRLocation.swift in Sources */,
				E61CFA1D1C1F8E1300119148 /* AIRBadAirLocation.swift in Sources */,
				E6B10BAA1C039F3600B77A67 /* UIImage+UIView.swift in Sources */,
				E6FDD45D1C237CA4005C3340 /* AIRUserClient.swift in Sources */,
				E6A5CD4C1C3EE553003FCEEC /* AIRLoadingView.swift in Sources */,
				E62A03C01BF1514A0046ABE0 /* AIRLocationManager.swift in Sources */,
				E6FDD4601C2386C2005C3340 /* AIRUser.swift in Sources */,
				E62A03CB1BF15E9F0046ABE0 /* AIRGoogleMapOperationQueue.swift in Sources */,
				E6E8AF961C17C49D00605151 /* BLMultiColorLoader.m in Sources */,
				E61CFA1B1C1F8D1F00119148 /* AIRBadAirLocationMarker.swift in Sources */,
				E67376891C2B657A005E822C /* AIRSummaryViewController.swift in Sources */,
				E62F17071C3C45CE002B501F /* AIRChemicalViewController.swift in Sources */,
				E6A5CD4E1C3EE7A9003FCEEC /* AIRSummaryView.swift in Sources */,
				E62A03C41BF157360046ABE0 /* AIRConstant-Private.swift in Sources */,
				E6D803FD1BFD444C00A55326 /* AIRSensorManager.swift in Sources */,
				E67D11171C01E8430065266D /* GradientSlider.swift in Sources */,
				E646B6FE1C5848FF0005899F /* AIRNavigationController.swift in Sources */,
				E62F17091C3C485D002B501F /* AIRChemicalGraphView.swift in Sources */,
				E695DA671BF2BEAB0060BF66 /* NSDate+Ago.swift in Sources */,
				E6AB22681C5AEE6F0038A65D /* VBPieChart+Chemical.swift in Sources */,
				E6839C741BF2B939007BD219 /* AIRCoreDataManager.swift in Sources */,
				E6E26A301C20F91800BE26E5 /* AIRSensorOperationQueue.swift in Sources */,
				E64ED00D1C5978BC0055B241 /* AIRChemicalGraphTableViewcell.swift in Sources */,
				E647B4771BFBEABB00B2CA4F /* AIRSensor.swift in Sources */,
				E647B4791BFC050F00B2CA4F /* AIRLocationName.swift in Sources */,
				E68654BF1C05281300E10E10 /* AIRSensorClient.swift in Sources */,
				E6BC9CED1C03878B004769AD /* AIRTimelineView.swift in Sources */,
				E6F4DCDA1C0DB72A00F8DA0F /* String+Justified.swift in Sources */,
				E6C67D7F1C51604C0004E584 /* AIRTutorialViewController.swift in Sources */,
				E6DBB81D1C1223430008A821 /* AIRSettingViewController.swift in Sources */,
				E6E4B73D1BEADEC6002DEAB1 /* AIRConstant.swift in Sources */,
			);
			runOnlyForDeploymentPostprocessing = 0;
		};
/* End PBXSourcesBuildPhase section */

/* Begin XCBuildConfiguration section */
		E6758C7C1BEAC4D5005C1696 /* Debug */ = {
			isa = XCBuildConfiguration;
			buildSettings = {
				ALWAYS_SEARCH_USER_PATHS = NO;
				CLANG_CXX_LANGUAGE_STANDARD = "gnu++0x";
				CLANG_CXX_LIBRARY = "libc++";
				CLANG_ENABLE_MODULES = YES;
				CLANG_ENABLE_OBJC_ARC = YES;
				CLANG_WARN_BOOL_CONVERSION = YES;
				CLANG_WARN_CONSTANT_CONVERSION = YES;
				CLANG_WARN_DIRECT_OBJC_ISA_USAGE = YES_ERROR;
				CLANG_WARN_EMPTY_BODY = YES;
				CLANG_WARN_ENUM_CONVERSION = YES;
				CLANG_WARN_INT_CONVERSION = YES;
				CLANG_WARN_OBJC_ROOT_CLASS = YES_ERROR;
				CLANG_WARN_UNREACHABLE_CODE = YES;
				CLANG_WARN__DUPLICATE_METHOD_MATCH = YES;
				COPY_PHASE_STRIP = NO;
				DEBUG_INFORMATION_FORMAT = "dwarf-with-dsym";
				ENABLE_BITCODE = NO;
				ENABLE_STRICT_OBJC_MSGSEND = YES;
				ENABLE_TESTABILITY = YES;
				GCC_C_LANGUAGE_STANDARD = gnu99;
				GCC_DYNAMIC_NO_PIC = NO;
				GCC_NO_COMMON_BLOCKS = YES;
				GCC_OPTIMIZATION_LEVEL = 0;
				GCC_PREPROCESSOR_DEFINITIONS = (
					"DEBUG=1",
					"$(inherited)",
				);
				GCC_WARN_64_TO_32_BIT_CONVERSION = YES;
				GCC_WARN_ABOUT_RETURN_TYPE = YES_ERROR;
				GCC_WARN_UNDECLARED_SELECTOR = YES;
				GCC_WARN_UNINITIALIZED_AUTOS = YES_AGGRESSIVE;
				GCC_WARN_UNUSED_FUNCTION = YES;
				GCC_WARN_UNUSED_VARIABLE = YES;
				INFOPLIST_FILE = "";
				IPHONEOS_DEPLOYMENT_TARGET = 8.0;
				MTL_ENABLE_DEBUG_INFO = YES;
				ONLY_ACTIVE_ARCH = YES;
				SDKROOT = iphoneos;
				SWIFT_OPTIMIZATION_LEVEL = "-Onone";
			};
			name = Debug;
		};
		E6758C7D1BEAC4D5005C1696 /* Release */ = {
			isa = XCBuildConfiguration;
			buildSettings = {
				ALWAYS_SEARCH_USER_PATHS = NO;
				CLANG_CXX_LANGUAGE_STANDARD = "gnu++0x";
				CLANG_CXX_LIBRARY = "libc++";
				CLANG_ENABLE_MODULES = YES;
				CLANG_ENABLE_OBJC_ARC = YES;
				CLANG_WARN_BOOL_CONVERSION = YES;
				CLANG_WARN_CONSTANT_CONVERSION = YES;
				CLANG_WARN_DIRECT_OBJC_ISA_USAGE = YES_ERROR;
				CLANG_WARN_EMPTY_BODY = YES;
				CLANG_WARN_ENUM_CONVERSION = YES;
				CLANG_WARN_INT_CONVERSION = YES;
				CLANG_WARN_OBJC_ROOT_CLASS = YES_ERROR;
				CLANG_WARN_UNREACHABLE_CODE = YES;
				CLANG_WARN__DUPLICATE_METHOD_MATCH = YES;
				CODE_SIGN_IDENTITY = "iPhone Distribution: ISI-Dentsu of America, Inc. (RZSN6RVCLX)";
				COPY_PHASE_STRIP = NO;
				DEBUG_INFORMATION_FORMAT = "dwarf-with-dsym";
				ENABLE_BITCODE = NO;
				ENABLE_NS_ASSERTIONS = NO;
				ENABLE_STRICT_OBJC_MSGSEND = YES;
				GCC_C_LANGUAGE_STANDARD = gnu99;
				GCC_NO_COMMON_BLOCKS = YES;
				GCC_WARN_64_TO_32_BIT_CONVERSION = YES;
				GCC_WARN_ABOUT_RETURN_TYPE = YES_ERROR;
				GCC_WARN_UNDECLARED_SELECTOR = YES;
				GCC_WARN_UNINITIALIZED_AUTOS = YES_AGGRESSIVE;
				GCC_WARN_UNUSED_FUNCTION = YES;
				GCC_WARN_UNUSED_VARIABLE = YES;
				INFOPLIST_FILE = "";
				IPHONEOS_DEPLOYMENT_TARGET = 8.0;
				MTL_ENABLE_DEBUG_INFO = NO;
				PROVISIONING_PROFILE = "f4330004-78aa-4662-8de1-42cdfd074558";
				SDKROOT = iphoneos;
				VALIDATE_PRODUCT = YES;
			};
			name = Release;
		};
		E6758C7F1BEAC4D5005C1696 /* Debug */ = {
			isa = XCBuildConfiguration;
			baseConfigurationReference = 23E31CF8721E70B566D8D7B1 /* Pods.debug.xcconfig */;
			buildSettings = {
				ASSETCATALOG_COMPILER_APPICON_NAME = AppIcon;
				ASSETCATALOG_COMPILER_LAUNCHIMAGE_NAME = LaunchImage;
				CLANG_ENABLE_MODULES = YES;
				CODE_SIGN_IDENTITY = "iPhone Developer";
				DEBUG_INFORMATION_FORMAT = "dwarf-with-dsym";
				ENABLE_BITCODE = NO;
				INFOPLIST_FILE = "air-health/Resources/Plists/Info.plist";
				IPHONEOS_DEPLOYMENT_TARGET = 8.0;
				LD_RUNPATH_SEARCH_PATHS = "$(inherited) @executable_path/Frameworks";
				OTHER_SWIFT_FLAGS = "-D DEBUG";
				PRODUCT_BUNDLE_IDENTIFIER = "com.isidentsu.air-health";
				PRODUCT_NAME = "$(TARGET_NAME)";
				PROVISIONING_PROFILE = "";
				SWIFT_OBJC_BRIDGING_HEADER = "air-health/Classes/air-health-Bridging-Header.h";
				SWIFT_OPTIMIZATION_LEVEL = "-Onone";
			};
			name = Debug;
		};
		E6758C801BEAC4D5005C1696 /* Release */ = {
			isa = XCBuildConfiguration;
			baseConfigurationReference = C87B605346AAD2704EEC5D7B /* Pods.release.xcconfig */;
			buildSettings = {
				ASSETCATALOG_COMPILER_APPICON_NAME = AppIcon;
				ASSETCATALOG_COMPILER_LAUNCHIMAGE_NAME = LaunchImage;
				CLANG_ENABLE_MODULES = YES;
				CODE_SIGN_IDENTITY = "iPhone Distribution: ISI-Dentsu of America, Inc. (RZSN6RVCLX)";
				ENABLE_BITCODE = NO;
				INFOPLIST_FILE = "air-health/Resources/Plists/Info.plist";
				IPHONEOS_DEPLOYMENT_TARGET = 8.0;
				LD_RUNPATH_SEARCH_PATHS = "$(inherited) @executable_path/Frameworks";
				OTHER_SWIFT_FLAGS = "";
				PRODUCT_BUNDLE_IDENTIFIER = "com.isidentsu.air-health";
				PRODUCT_NAME = "$(TARGET_NAME)";
				PROVISIONING_PROFILE = "f4330004-78aa-4662-8de1-42cdfd074558";
				SWIFT_OBJC_BRIDGING_HEADER = "air-health/Classes/air-health-Bridging-Header.h";
			};
			name = Release;
		};
/* End XCBuildConfiguration section */

/* Begin XCConfigurationList section */
		E6758C671BEAC4D5005C1696 /* Build configuration list for PBXProject "air-health" */ = {
			isa = XCConfigurationList;
			buildConfigurations = (
				E6758C7C1BEAC4D5005C1696 /* Debug */,
				E6758C7D1BEAC4D5005C1696 /* Release */,
			);
			defaultConfigurationIsVisible = 0;
			defaultConfigurationName = Release;
		};
		E6758C7E1BEAC4D5005C1696 /* Build configuration list for PBXNativeTarget "air-health" */ = {
			isa = XCConfigurationList;
			buildConfigurations = (
				E6758C7F1BEAC4D5005C1696 /* Debug */,
				E6758C801BEAC4D5005C1696 /* Release */,
			);
			defaultConfigurationIsVisible = 0;
			defaultConfigurationName = Release;
		};
/* End XCConfigurationList section */

/* Begin XCVersionGroup section */
		E6743ED21BFFF23000068DE7 /* AIRModel.xcdatamodeld */ = {
			isa = XCVersionGroup;
			children = (
				E6743ED31BFFF23000068DE7 /* AIRModel.xcdatamodel */,
			);
			currentVersion = E6743ED31BFFF23000068DE7 /* AIRModel.xcdatamodel */;
			path = AIRModel.xcdatamodeld;
			sourceTree = "<group>";
			versionGroupType = wrapper.xcdatamodel;
		};
/* End XCVersionGroup section */
	};
	rootObject = E6758C641BEAC4D5005C1696 /* Project object */;
}
