// !$*UTF8*$!
{
	archiveVersion = 1;
	classes = {
	};
	objectVersion = 46;
	objects = {

/* Begin PBXBuildFile section */
		2B8A4E4E4D90C4DD9EA471F5 /* libPods.a in Frameworks */ = {isa = PBXBuildFile; fileRef = ECD4F8936C1369720004C2C3 /* libPods.a */; };
		E61261491BF1602300BE8E91 /* SwiftyJSON.swift in Sources */ = {isa = PBXBuildFile; fileRef = E61261481BF1602300BE8E91 /* SwiftyJSON.swift */; };
		E612614D1BF160C200BE8E91 /* NSMutableURLRequest+HTTPBody.swift in Sources */ = {isa = PBXBuildFile; fileRef = E612614B1BF160C200BE8E91 /* NSMutableURLRequest+HTTPBody.swift */; };
		E612614E1BF160C200BE8E91 /* NSURL+Queries.swift in Sources */ = {isa = PBXBuildFile; fileRef = E612614C1BF160C200BE8E91 /* NSURL+Queries.swift */; };
		E62A03C01BF1514A0046ABE0 /* AIRLocationManager.swift in Sources */ = {isa = PBXBuildFile; fileRef = E62A03BE1BF1514A0046ABE0 /* AIRLocationManager.swift */; };
		E62A03C21BF151690046ABE0 /* CoreLocation.framework in Frameworks */ = {isa = PBXBuildFile; fileRef = E62A03C11BF151690046ABE0 /* CoreLocation.framework */; };
		E62A03C41BF157360046ABE0 /* AIRConstant-Private.swift in Sources */ = {isa = PBXBuildFile; fileRef = E62A03C31BF157360046ABE0 /* AIRConstant-Private.swift */; };
		E62A03CA1BF15E9F0046ABE0 /* AIRGoogleMapClient.swift in Sources */ = {isa = PBXBuildFile; fileRef = E62A03C71BF15E9F0046ABE0 /* AIRGoogleMapClient.swift */; };
		E62A03CB1BF15E9F0046ABE0 /* AIRGoogleMapOperationQueue.swift in Sources */ = {isa = PBXBuildFile; fileRef = E62A03C81BF15E9F0046ABE0 /* AIRGoogleMapOperationQueue.swift */; };
		E63DB73D1BF57AA8000E3E42 /* AIRTableViewCell.swift in Sources */ = {isa = PBXBuildFile; fileRef = E63DB73C1BF57AA8000E3E42 /* AIRTableViewCell.swift */; };
		E647B4771BFBEABB00B2CA4F /* AIRSensor.swift in Sources */ = {isa = PBXBuildFile; fileRef = E647B4761BFBEABB00B2CA4F /* AIRSensor.swift */; };
		E647B4791BFC050F00B2CA4F /* AIRLocationName.swift in Sources */ = {isa = PBXBuildFile; fileRef = E647B4781BFC050F00B2CA4F /* AIRLocationName.swift */; };
		E6655D1A1BFBA70700D6A2AD /* CSV.swift in Sources */ = {isa = PBXBuildFile; fileRef = E6655D191BFBA70700D6A2AD /* CSV.swift */; };
		E66940351BEAC6E200771F8B /* AppDelegate.swift in Sources */ = {isa = PBXBuildFile; fileRef = E669402D1BEAC6E200771F8B /* AppDelegate.swift */; };
		E66940371BEAC6E200771F8B /* Main.storyboard in Resources */ = {isa = PBXBuildFile; fileRef = E669402F1BEAC6E200771F8B /* Main.storyboard */; };
		E66940381BEAC6E200771F8B /* Assets.xcassets in Resources */ = {isa = PBXBuildFile; fileRef = E66940311BEAC6E200771F8B /* Assets.xcassets */; };
		E66E26F91BFABC60004E58CB /* vasp.csv in Resources */ = {isa = PBXBuildFile; fileRef = E66E26F71BFABC60004E58CB /* vasp.csv */; };
		E66E26FA1BFABC60004E58CB /* ZAIRLOCATION.csv in Resources */ = {isa = PBXBuildFile; fileRef = E66E26F81BFABC60004E58CB /* ZAIRLOCATION.csv */; };
		E6743ED41BFFF23000068DE7 /* AIRModel.xcdatamodeld in Sources */ = {isa = PBXBuildFile; fileRef = E6743ED21BFFF23000068DE7 /* AIRModel.xcdatamodeld */; };
		E67D11171C01E8430065266D /* GradientSlider.swift in Sources */ = {isa = PBXBuildFile; fileRef = E67D11161C01E8430065266D /* GradientSlider.swift */; };
		E6839C711BF2B920007BD219 /* CoreData.framework in Frameworks */ = {isa = PBXBuildFile; fileRef = E6839C701BF2B920007BD219 /* CoreData.framework */; };
		E6839C741BF2B939007BD219 /* AIRCoreDataManager.swift in Sources */ = {isa = PBXBuildFile; fileRef = E6839C731BF2B939007BD219 /* AIRCoreDataManager.swift */; };
		E6839C791BF2B974007BD219 /* AIRLocation.swift in Sources */ = {isa = PBXBuildFile; fileRef = E6839C781BF2B974007BD219 /* AIRLocation.swift */; };
		E695DA671BF2BEAB0060BF66 /* NSDate+Ago.swift in Sources */ = {isa = PBXBuildFile; fileRef = E695DA661BF2BEAB0060BF66 /* NSDate+Ago.swift */; };
		E695DA6D1BF2C32F0060BF66 /* AIRMapView.swift in Sources */ = {isa = PBXBuildFile; fileRef = E695DA6A1BF2C32F0060BF66 /* AIRMapView.swift */; };
		E695DA6E1BF2C32F0060BF66 /* AIRMapViewController.swift in Sources */ = {isa = PBXBuildFile; fileRef = E695DA6B1BF2C32F0060BF66 /* AIRMapViewController.swift */; };
		E6B10BAA1C039F3600B77A67 /* UIImage+UIView.swift in Sources */ = {isa = PBXBuildFile; fileRef = E6B10BA91C039F3600B77A67 /* UIImage+UIView.swift */; };
		E6BC9CED1C03878B004769AD /* AIRTimelineView.swift in Sources */ = {isa = PBXBuildFile; fileRef = E6BC9CEB1C03878B004769AD /* AIRTimelineView.swift */; };
		E6BC9CF01C039AF6004769AD /* AIRSensorGraphView.swift in Sources */ = {isa = PBXBuildFile; fileRef = E6BC9CEF1C039AF6004769AD /* AIRSensorGraphView.swift */; };
		E6D803FD1BFD444C00A55326 /* AIRSensorManager.swift in Sources */ = {isa = PBXBuildFile; fileRef = E6D803FC1BFD444C00A55326 /* AIRSensorManager.swift */; };
		E6E4B73D1BEADEC6002DEAB1 /* AIRConstant.swift in Sources */ = {isa = PBXBuildFile; fileRef = E6E4B73C1BEADEC6002DEAB1 /* AIRConstant.swift */; };
/* End PBXBuildFile section */

/* Begin PBXFileReference section */
		23E31CF8721E70B566D8D7B1 /* Pods.debug.xcconfig */ = {isa = PBXFileReference; includeInIndex = 1; lastKnownFileType = text.xcconfig; name = Pods.debug.xcconfig; path = "Pods/Target Support Files/Pods/Pods.debug.xcconfig"; sourceTree = "<group>"; };
		C87B605346AAD2704EEC5D7B /* Pods.release.xcconfig */ = {isa = PBXFileReference; includeInIndex = 1; lastKnownFileType = text.xcconfig; name = Pods.release.xcconfig; path = "Pods/Target Support Files/Pods/Pods.release.xcconfig"; sourceTree = "<group>"; };
		E61261471BF1602300BE8E91 /* SwiftyJSON.h */ = {isa = PBXFileReference; fileEncoding = 4; lastKnownFileType = sourcecode.c.h; name = SwiftyJSON.h; path = SwiftyJSON/Source/SwiftyJSON.h; sourceTree = "<group>"; };
		E61261481BF1602300BE8E91 /* SwiftyJSON.swift */ = {isa = PBXFileReference; fileEncoding = 4; lastKnownFileType = sourcecode.swift; name = SwiftyJSON.swift; path = SwiftyJSON/Source/SwiftyJSON.swift; sourceTree = "<group>"; };
		E612614B1BF160C200BE8E91 /* NSMutableURLRequest+HTTPBody.swift */ = {isa = PBXFileReference; fileEncoding = 4; lastKnownFileType = sourcecode.swift; path = "NSMutableURLRequest+HTTPBody.swift"; sourceTree = "<group>"; };
		E612614C1BF160C200BE8E91 /* NSURL+Queries.swift */ = {isa = PBXFileReference; fileEncoding = 4; lastKnownFileType = sourcecode.swift; path = "NSURL+Queries.swift"; sourceTree = "<group>"; };
		E62A03BE1BF1514A0046ABE0 /* AIRLocationManager.swift */ = {isa = PBXFileReference; fileEncoding = 4; lastKnownFileType = sourcecode.swift; path = AIRLocationManager.swift; sourceTree = "<group>"; };
		E62A03C11BF151690046ABE0 /* CoreLocation.framework */ = {isa = PBXFileReference; lastKnownFileType = wrapper.framework; name = CoreLocation.framework; path = System/Library/Frameworks/CoreLocation.framework; sourceTree = SDKROOT; };
		E62A03C31BF157360046ABE0 /* AIRConstant-Private.swift */ = {isa = PBXFileReference; fileEncoding = 4; lastKnownFileType = sourcecode.swift; path = "AIRConstant-Private.swift"; sourceTree = "<group>"; };
		E62A03C71BF15E9F0046ABE0 /* AIRGoogleMapClient.swift */ = {isa = PBXFileReference; fileEncoding = 4; lastKnownFileType = sourcecode.swift; path = AIRGoogleMapClient.swift; sourceTree = "<group>"; };
		E62A03C81BF15E9F0046ABE0 /* AIRGoogleMapOperationQueue.swift */ = {isa = PBXFileReference; fileEncoding = 4; lastKnownFileType = sourcecode.swift; path = AIRGoogleMapOperationQueue.swift; sourceTree = "<group>"; };
		E63DB73C1BF57AA8000E3E42 /* AIRTableViewCell.swift */ = {isa = PBXFileReference; fileEncoding = 4; lastKnownFileType = sourcecode.swift; path = AIRTableViewCell.swift; sourceTree = "<group>"; };
		E647B4761BFBEABB00B2CA4F /* AIRSensor.swift */ = {isa = PBXFileReference; fileEncoding = 4; lastKnownFileType = sourcecode.swift; path = AIRSensor.swift; sourceTree = "<group>"; };
		E647B4781BFC050F00B2CA4F /* AIRLocationName.swift */ = {isa = PBXFileReference; fileEncoding = 4; lastKnownFileType = sourcecode.swift; path = AIRLocationName.swift; sourceTree = "<group>"; };
		E6655D191BFBA70700D6A2AD /* CSV.swift */ = {isa = PBXFileReference; fileEncoding = 4; lastKnownFileType = sourcecode.swift; name = CSV.swift; path = SwiftCSV/SwiftCSV/CSV.swift; sourceTree = "<group>"; };
		E669402D1BEAC6E200771F8B /* AppDelegate.swift */ = {isa = PBXFileReference; fileEncoding = 4; lastKnownFileType = sourcecode.swift; path = AppDelegate.swift; sourceTree = "<group>"; };
		E669402F1BEAC6E200771F8B /* Main.storyboard */ = {isa = PBXFileReference; fileEncoding = 4; lastKnownFileType = file.storyboard; path = Main.storyboard; sourceTree = "<group>"; };
		E66940311BEAC6E200771F8B /* Assets.xcassets */ = {isa = PBXFileReference; lastKnownFileType = folder.assetcatalog; path = Assets.xcassets; sourceTree = "<group>"; };
		E66E26F71BFABC60004E58CB /* vasp.csv */ = {isa = PBXFileReference; fileEncoding = 4; lastKnownFileType = text; path = vasp.csv; sourceTree = "<group>"; };
		E66E26F81BFABC60004E58CB /* ZAIRLOCATION.csv */ = {isa = PBXFileReference; fileEncoding = 4; lastKnownFileType = text; path = ZAIRLOCATION.csv; sourceTree = "<group>"; };
		E6743ED31BFFF23000068DE7 /* AIRModel.xcdatamodel */ = {isa = PBXFileReference; lastKnownFileType = wrapper.xcdatamodel; path = AIRModel.xcdatamodel; sourceTree = "<group>"; };
		E6758C6C1BEAC4D5005C1696 /* air-health.app */ = {isa = PBXFileReference; explicitFileType = wrapper.application; includeInIndex = 0; path = "air-health.app"; sourceTree = BUILT_PRODUCTS_DIR; };
		E67D11161C01E8430065266D /* GradientSlider.swift */ = {isa = PBXFileReference; fileEncoding = 4; lastKnownFileType = sourcecode.swift; name = GradientSlider.swift; path = GradientSlider/GradientSlider/GradientSlider.swift; sourceTree = "<group>"; };
		E6839C701BF2B920007BD219 /* CoreData.framework */ = {isa = PBXFileReference; lastKnownFileType = wrapper.framework; name = CoreData.framework; path = System/Library/Frameworks/CoreData.framework; sourceTree = SDKROOT; };
		E6839C731BF2B939007BD219 /* AIRCoreDataManager.swift */ = {isa = PBXFileReference; fileEncoding = 4; lastKnownFileType = sourcecode.swift; path = AIRCoreDataManager.swift; sourceTree = "<group>"; };
		E6839C781BF2B974007BD219 /* AIRLocation.swift */ = {isa = PBXFileReference; fileEncoding = 4; lastKnownFileType = sourcecode.swift; path = AIRLocation.swift; sourceTree = "<group>"; };
		E695DA661BF2BEAB0060BF66 /* NSDate+Ago.swift */ = {isa = PBXFileReference; fileEncoding = 4; lastKnownFileType = sourcecode.swift; path = "NSDate+Ago.swift"; sourceTree = "<group>"; };
		E695DA6A1BF2C32F0060BF66 /* AIRMapView.swift */ = {isa = PBXFileReference; fileEncoding = 4; lastKnownFileType = sourcecode.swift; path = AIRMapView.swift; sourceTree = "<group>"; };
		E695DA6B1BF2C32F0060BF66 /* AIRMapViewController.swift */ = {isa = PBXFileReference; fileEncoding = 4; lastKnownFileType = sourcecode.swift; path = AIRMapViewController.swift; sourceTree = "<group>"; };
		E6AEF7E81BEBFB89000102E2 /* air-health-Bridging-Header.h */ = {isa = PBXFileReference; lastKnownFileType = sourcecode.c.h; path = "air-health-Bridging-Header.h"; sourceTree = "<group>"; };
		E6B10BA91C039F3600B77A67 /* UIImage+UIView.swift */ = {isa = PBXFileReference; fileEncoding = 4; lastKnownFileType = sourcecode.swift; path = "UIImage+UIView.swift"; sourceTree = "<group>"; };
		E6BC9CEB1C03878B004769AD /* AIRTimelineView.swift */ = {isa = PBXFileReference; fileEncoding = 4; lastKnownFileType = sourcecode.swift; path = AIRTimelineView.swift; sourceTree = "<group>"; };
		E6BC9CEF1C039AF6004769AD /* AIRSensorGraphView.swift */ = {isa = PBXFileReference; fileEncoding = 4; lastKnownFileType = sourcecode.swift; path = AIRSensorGraphView.swift; sourceTree = "<group>"; };
		E6D803FC1BFD444C00A55326 /* AIRSensorManager.swift */ = {isa = PBXFileReference; fileEncoding = 4; lastKnownFileType = sourcecode.swift; path = AIRSensorManager.swift; sourceTree = "<group>"; };
		E6E4B73C1BEADEC6002DEAB1 /* AIRConstant.swift */ = {isa = PBXFileReference; fileEncoding = 4; lastKnownFileType = sourcecode.swift; path = AIRConstant.swift; sourceTree = "<group>"; };
		ECD4F8936C1369720004C2C3 /* libPods.a */ = {isa = PBXFileReference; explicitFileType = archive.ar; includeInIndex = 0; path = libPods.a; sourceTree = BUILT_PRODUCTS_DIR; };
/* End PBXFileReference section */

/* Begin PBXFrameworksBuildPhase section */
		E6758C691BEAC4D5005C1696 /* Frameworks */ = {
			isa = PBXFrameworksBuildPhase;
			buildActionMask = 2147483647;
			files = (
				E6839C711BF2B920007BD219 /* CoreData.framework in Frameworks */,
				E62A03C21BF151690046ABE0 /* CoreLocation.framework in Frameworks */,
				2B8A4E4E4D90C4DD9EA471F5 /* libPods.a in Frameworks */,
			);
			runOnlyForDeploymentPostprocessing = 0;
		};
/* End PBXFrameworksBuildPhase section */

/* Begin PBXGroup section */
		4FB58A622689FD9BC70DBE5D /* Frameworks */ = {
			isa = PBXGroup;
			children = (
				E6839C701BF2B920007BD219 /* CoreData.framework */,
				E62A03C11BF151690046ABE0 /* CoreLocation.framework */,
				ECD4F8936C1369720004C2C3 /* libPods.a */,
			);
			name = Frameworks;
			sourceTree = "<group>";
		};
		A64E5440EFE933A2007794F7 /* Pods */ = {
			isa = PBXGroup;
			children = (
				23E31CF8721E70B566D8D7B1 /* Pods.debug.xcconfig */,
				C87B605346AAD2704EEC5D7B /* Pods.release.xcconfig */,
			);
			name = Pods;
			sourceTree = "<group>";
		};
		E61261461BF1601200BE8E91 /* SwiftyJSON */ = {
			isa = PBXGroup;
			children = (
				E61261471BF1602300BE8E91 /* SwiftyJSON.h */,
				E61261481BF1602300BE8E91 /* SwiftyJSON.swift */,
			);
			name = SwiftyJSON;
			sourceTree = "<group>";
		};
		E612614A1BF160C200BE8E91 /* NSFoundation+Extension */ = {
			isa = PBXGroup;
			children = (
				E695DA661BF2BEAB0060BF66 /* NSDate+Ago.swift */,
				E612614B1BF160C200BE8E91 /* NSMutableURLRequest+HTTPBody.swift */,
				E612614C1BF160C200BE8E91 /* NSURL+Queries.swift */,
			);
			path = "NSFoundation+Extension";
			sourceTree = "<group>";
		};
		E62A03BC1BF1514A0046ABE0 /* Location */ = {
			isa = PBXGroup;
			children = (
				E6839C781BF2B974007BD219 /* AIRLocation.swift */,
				E647B4781BFC050F00B2CA4F /* AIRLocationName.swift */,
				E62A03BE1BF1514A0046ABE0 /* AIRLocationManager.swift */,
			);
			path = Location;
			sourceTree = "<group>";
		};
		E62A03C51BF15E9F0046ABE0 /* Google */ = {
			isa = PBXGroup;
			children = (
				E62A03C71BF15E9F0046ABE0 /* AIRGoogleMapClient.swift */,
				E62A03C81BF15E9F0046ABE0 /* AIRGoogleMapOperationQueue.swift */,
			);
			path = Google;
			sourceTree = "<group>";
		};
		E63DB73B1BF57AA8000E3E42 /* UIKit+Extension */ = {
			isa = PBXGroup;
			children = (
				E6B10BA91C039F3600B77A67 /* UIImage+UIView.swift */,
				E63DB73C1BF57AA8000E3E42 /* AIRTableViewCell.swift */,
			);
			path = "UIKit+Extension";
			sourceTree = "<group>";
		};
		E647B4751BFBEABB00B2CA4F /* Sensor */ = {
			isa = PBXGroup;
			children = (
				E647B4761BFBEABB00B2CA4F /* AIRSensor.swift */,
				E6D803FC1BFD444C00A55326 /* AIRSensorManager.swift */,
			);
			path = Sensor;
			sourceTree = "<group>";
		};
		E6655D181BFBA6F000D6A2AD /* SwiftCSV */ = {
			isa = PBXGroup;
			children = (
				E6655D191BFBA70700D6A2AD /* CSV.swift */,
			);
			name = SwiftCSV;
			sourceTree = "<group>";
		};
		E669402B1BEAC6E200771F8B /* Classes */ = {
			isa = PBXGroup;
			children = (
				E6AEF7E81BEBFB89000102E2 /* air-health-Bridging-Header.h */,
				E6E4B73C1BEADEC6002DEAB1 /* AIRConstant.swift */,
				E62A03C31BF157360046ABE0 /* AIRConstant-Private.swift */,
				E669402D1BEAC6E200771F8B /* AppDelegate.swift */,
				E669402F1BEAC6E200771F8B /* Main.storyboard */,
				E62A03C51BF15E9F0046ABE0 /* Google */,
				E695DA681BF2C32F0060BF66 /* Map */,
				E62A03BC1BF1514A0046ABE0 /* Location */,
				E647B4751BFBEABB00B2CA4F /* Sensor */,
				E612614A1BF160C200BE8E91 /* NSFoundation+Extension */,
				E63DB73B1BF57AA8000E3E42 /* UIKit+Extension */,
				E6839C721BF2B939007BD219 /* Model */,
				E61261461BF1601200BE8E91 /* SwiftyJSON */,
				E67D11151C01E82E0065266D /* GradientSlider */,
				E6655D181BFBA6F000D6A2AD /* SwiftCSV */,
			);
			path = Classes;
			sourceTree = "<group>";
		};
		E66940301BEAC6E200771F8B /* Resources */ = {
			isa = PBXGroup;
			children = (
				E66940311BEAC6E200771F8B /* Assets.xcassets */,
				E66E26F61BFABC60004E58CB /* CSVs */,
				E66940321BEAC6E200771F8B /* Plists */,
			);
			path = Resources;
			sourceTree = "<group>";
		};
		E66940321BEAC6E200771F8B /* Plists */ = {
			isa = PBXGroup;
			children = (
			);
			path = Plists;
			sourceTree = "<group>";
		};
		E66E26F61BFABC60004E58CB /* CSVs */ = {
			isa = PBXGroup;
			children = (
				E66E26F71BFABC60004E58CB /* vasp.csv */,
				E66E26F81BFABC60004E58CB /* ZAIRLOCATION.csv */,
			);
			path = CSVs;
			sourceTree = "<group>";
		};
		E6758C631BEAC4D5005C1696 = {
			isa = PBXGroup;
			children = (
				E6758C6E1BEAC4D5005C1696 /* air-health */,
				E6758C6D1BEAC4D5005C1696 /* Products */,
				A64E5440EFE933A2007794F7 /* Pods */,
				4FB58A622689FD9BC70DBE5D /* Frameworks */,
			);
			sourceTree = "<group>";
		};
		E6758C6D1BEAC4D5005C1696 /* Products */ = {
			isa = PBXGroup;
			children = (
				E6758C6C1BEAC4D5005C1696 /* air-health.app */,
			);
			name = Products;
			sourceTree = "<group>";
		};
		E6758C6E1BEAC4D5005C1696 /* air-health */ = {
			isa = PBXGroup;
			children = (
				E669402B1BEAC6E200771F8B /* Classes */,
				E66940301BEAC6E200771F8B /* Resources */,
			);
			path = "air-health";
			sourceTree = "<group>";
		};
		E67D11151C01E82E0065266D /* GradientSlider */ = {
			isa = PBXGroup;
			children = (
				E67D11161C01E8430065266D /* GradientSlider.swift */,
			);
			name = GradientSlider;
			sourceTree = "<group>";
		};
		E6839C721BF2B939007BD219 /* Model */ = {
			isa = PBXGroup;
			children = (
				E6743ED21BFFF23000068DE7 /* AIRModel.xcdatamodeld */,
				E6839C731BF2B939007BD219 /* AIRCoreDataManager.swift */,
			);
			path = Model;
			sourceTree = "<group>";
		};
		E695DA681BF2C32F0060BF66 /* Map */ = {
			isa = PBXGroup;
			children = (
				E695DA6B1BF2C32F0060BF66 /* AIRMapViewController.swift */,
				E6BC9CEB1C03878B004769AD /* AIRTimelineView.swift */,
				E6BC9CEF1C039AF6004769AD /* AIRSensorGraphView.swift */,
				E695DA6A1BF2C32F0060BF66 /* AIRMapView.swift */,
			);
			path = Map;
			sourceTree = "<group>";
		};
/* End PBXGroup section */

/* Begin PBXNativeTarget section */
		E6758C6B1BEAC4D5005C1696 /* air-health */ = {
			isa = PBXNativeTarget;
			buildConfigurationList = E6758C7E1BEAC4D5005C1696 /* Build configuration list for PBXNativeTarget "air-health" */;
			buildPhases = (
				CAACF38CCD4FCC9F3EE3E407 /* Check Pods Manifest.lock */,
				E6758C681BEAC4D5005C1696 /* Sources */,
				E6758C691BEAC4D5005C1696 /* Frameworks */,
				E6758C6A1BEAC4D5005C1696 /* Resources */,
				259C51E67BB50DB6E3DEA243 /* Copy Pods Resources */,
			);
			buildRules = (
			);
			dependencies = (
			);
			name = "air-health";
			productName = "air-health";
			productReference = E6758C6C1BEAC4D5005C1696 /* air-health.app */;
			productType = "com.apple.product-type.application";
		};
/* End PBXNativeTarget section */

/* Begin PBXProject section */
		E6758C641BEAC4D5005C1696 /* Project object */ = {
			isa = PBXProject;
			attributes = {
				LastSwiftUpdateCheck = 0710;
				LastUpgradeCheck = 0710;
				ORGANIZATIONNAME = InolabSF;
				TargetAttributes = {
					E6758C6B1BEAC4D5005C1696 = {
						CreatedOnToolsVersion = 7.1;
						SystemCapabilities = {
							com.apple.BackgroundModes = {
								enabled = 1;
							};
						};
					};
				};
			};
			buildConfigurationList = E6758C671BEAC4D5005C1696 /* Build configuration list for PBXProject "air-health" */;
			compatibilityVersion = "Xcode 3.2";
			developmentRegion = English;
			hasScannedForEncodings = 0;
			knownRegions = (
				en,
				Base,
			);
			mainGroup = E6758C631BEAC4D5005C1696;
			productRefGroup = E6758C6D1BEAC4D5005C1696 /* Products */;
			projectDirPath = "";
			projectRoot = "";
			targets = (
				E6758C6B1BEAC4D5005C1696 /* air-health */,
			);
		};
/* End PBXProject section */

/* Begin PBXResourcesBuildPhase section */
		E6758C6A1BEAC4D5005C1696 /* Resources */ = {
			isa = PBXResourcesBuildPhase;
			buildActionMask = 2147483647;
			files = (
				E66E26F91BFABC60004E58CB /* vasp.csv in Resources */,
				E66940381BEAC6E200771F8B /* Assets.xcassets in Resources */,
				E66E26FA1BFABC60004E58CB /* ZAIRLOCATION.csv in Resources */,
				E66940371BEAC6E200771F8B /* Main.storyboard in Resources */,
			);
			runOnlyForDeploymentPostprocessing = 0;
		};
/* End PBXResourcesBuildPhase section */

/* Begin PBXShellScriptBuildPhase section */
		259C51E67BB50DB6E3DEA243 /* Copy Pods Resources */ = {
			isa = PBXShellScriptBuildPhase;
			buildActionMask = 2147483647;
			files = (
			);
			inputPaths = (
			);
			name = "Copy Pods Resources";
			outputPaths = (
			);
			runOnlyForDeploymentPostprocessing = 0;
			shellPath = /bin/sh;
			shellScript = "\"${SRCROOT}/Pods/Target Support Files/Pods/Pods-resources.sh\"\n";
			showEnvVarsInLog = 0;
		};
		CAACF38CCD4FCC9F3EE3E407 /* Check Pods Manifest.lock */ = {
			isa = PBXShellScriptBuildPhase;
			buildActionMask = 2147483647;
			files = (
			);
			inputPaths = (
			);
			name = "Check Pods Manifest.lock";
			outputPaths = (
			);
			runOnlyForDeploymentPostprocessing = 0;
			shellPath = /bin/sh;
			shellScript = "diff \"${PODS_ROOT}/../Podfile.lock\" \"${PODS_ROOT}/Manifest.lock\" > /dev/null\nif [[ $? != 0 ]] ; then\n    cat << EOM\nerror: The sandbox is not in sync with the Podfile.lock. Run 'pod install' or update your CocoaPods installation.\nEOM\n    exit 1\nfi\n";
			showEnvVarsInLog = 0;
		};
/* End PBXShellScriptBuildPhase section */

/* Begin PBXSourcesBuildPhase section */
		E6758C681BEAC4D5005C1696 /* Sources */ = {
			isa = PBXSourcesBuildPhase;
			buildActionMask = 2147483647;
			files = (
				E695DA6E1BF2C32F0060BF66 /* AIRMapViewController.swift in Sources */,
				E62A03CA1BF15E9F0046ABE0 /* AIRGoogleMapClient.swift in Sources */,
				E63DB73D1BF57AA8000E3E42 /* AIRTableViewCell.swift in Sources */,
				E612614E1BF160C200BE8E91 /* NSURL+Queries.swift in Sources */,
				E695DA6D1BF2C32F0060BF66 /* AIRMapView.swift in Sources */,
				E61261491BF1602300BE8E91 /* SwiftyJSON.swift in Sources */,
				E6743ED41BFFF23000068DE7 /* AIRModel.xcdatamodeld in Sources */,
				E6655D1A1BFBA70700D6A2AD /* CSV.swift in Sources */,
				E612614D1BF160C200BE8E91 /* NSMutableURLRequest+HTTPBody.swift in Sources */,
				E66940351BEAC6E200771F8B /* AppDelegate.swift in Sources */,
				E6BC9CF01C039AF6004769AD /* AIRSensorGraphView.swift in Sources */,
				E6839C791BF2B974007BD219 /* AIRLocation.swift in Sources */,
				E6B10BAA1C039F3600B77A67 /* UIImage+UIView.swift in Sources */,
				E62A03C01BF1514A0046ABE0 /* AIRLocationManager.swift in Sources */,
				E62A03CB1BF15E9F0046ABE0 /* AIRGoogleMapOperationQueue.swift in Sources */,
				E62A03C41BF157360046ABE0 /* AIRConstant-Private.swift in Sources */,
				E6D803FD1BFD444C00A55326 /* AIRSensorManager.swift in Sources */,
				E67D11171C01E8430065266D /* GradientSlider.swift in Sources */,
				E695DA671BF2BEAB0060BF66 /* NSDate+Ago.swift in Sources */,
				E6839C741BF2B939007BD219 /* AIRCoreDataManager.swift in Sources */,
				E647B4771BFBEABB00B2CA4F /* AIRSensor.swift in Sources */,
				E647B4791BFC050F00B2CA4F /* AIRLocationName.swift in Sources */,
				E6BC9CED1C03878B004769AD /* AIRTimelineView.swift in Sources */,
				E6E4B73D1BEADEC6002DEAB1 /* AIRConstant.swift in Sources */,
			);
			runOnlyForDeploymentPostprocessing = 0;
		};
/* End PBXSourcesBuildPhase section */

/* Begin XCBuildConfiguration section */
		E6758C7C1BEAC4D5005C1696 /* Debug */ = {
			isa = XCBuildConfiguration;
			buildSettings = {
				ALWAYS_SEARCH_USER_PATHS = NO;
				CLANG_CXX_LANGUAGE_STANDARD = "gnu++0x";
				CLANG_CXX_LIBRARY = "libc++";
				CLANG_ENABLE_MODULES = YES;
				CLANG_ENABLE_OBJC_ARC = YES;
				CLANG_WARN_BOOL_CONVERSION = YES;
				CLANG_WARN_CONSTANT_CONVERSION = YES;
				CLANG_WARN_DIRECT_OBJC_ISA_USAGE = YES_ERROR;
				CLANG_WARN_EMPTY_BODY = YES;
				CLANG_WARN_ENUM_CONVERSION = YES;
				CLANG_WARN_INT_CONVERSION = YES;
				CLANG_WARN_OBJC_ROOT_CLASS = YES_ERROR;
				CLANG_WARN_UNREACHABLE_CODE = YES;
				CLANG_WARN__DUPLICATE_METHOD_MATCH = YES;
				COPY_PHASE_STRIP = NO;
				DEBUG_INFORMATION_FORMAT = dwarf;
				ENABLE_BITCODE = NO;
				ENABLE_STRICT_OBJC_MSGSEND = YES;
				ENABLE_TESTABILITY = YES;
				GCC_C_LANGUAGE_STANDARD = gnu99;
				GCC_DYNAMIC_NO_PIC = NO;
				GCC_NO_COMMON_BLOCKS = YES;
				GCC_OPTIMIZATION_LEVEL = 0;
				GCC_PREPROCESSOR_DEFINITIONS = (
					"DEBUG=1",
					"$(inherited)",
				);
				GCC_WARN_64_TO_32_BIT_CONVERSION = YES;
				GCC_WARN_ABOUT_RETURN_TYPE = YES_ERROR;
				GCC_WARN_UNDECLARED_SELECTOR = YES;
				GCC_WARN_UNINITIALIZED_AUTOS = YES_AGGRESSIVE;
				GCC_WARN_UNUSED_FUNCTION = YES;
				GCC_WARN_UNUSED_VARIABLE = YES;
				INFOPLIST_FILE = "";
				IPHONEOS_DEPLOYMENT_TARGET = 7.0;
				MTL_ENABLE_DEBUG_INFO = YES;
				ONLY_ACTIVE_ARCH = YES;
				SDKROOT = iphoneos;
				SWIFT_OPTIMIZATION_LEVEL = "-Onone";
			};
			name = Debug;
		};
		E6758C7D1BEAC4D5005C1696 /* Release */ = {
			isa = XCBuildConfiguration;
			buildSettings = {
				ALWAYS_SEARCH_USER_PATHS = NO;
				CLANG_CXX_LANGUAGE_STANDARD = "gnu++0x";
				CLANG_CXX_LIBRARY = "libc++";
				CLANG_ENABLE_MODULES = YES;
				CLANG_ENABLE_OBJC_ARC = YES;
				CLANG_WARN_BOOL_CONVERSION = YES;
				CLANG_WARN_CONSTANT_CONVERSION = YES;
				CLANG_WARN_DIRECT_OBJC_ISA_USAGE = YES_ERROR;
				CLANG_WARN_EMPTY_BODY = YES;
				CLANG_WARN_ENUM_CONVERSION = YES;
				CLANG_WARN_INT_CONVERSION = YES;
				CLANG_WARN_OBJC_ROOT_CLASS = YES_ERROR;
				CLANG_WARN_UNREACHABLE_CODE = YES;
				CLANG_WARN__DUPLICATE_METHOD_MATCH = YES;
				CODE_SIGN_IDENTITY = "iPhone Distribution: ISI-Dentsu of America, Inc. (RZSN6RVCLX)";
				COPY_PHASE_STRIP = NO;
				DEBUG_INFORMATION_FORMAT = "dwarf-with-dsym";
				ENABLE_BITCODE = NO;
				ENABLE_NS_ASSERTIONS = NO;
				ENABLE_STRICT_OBJC_MSGSEND = YES;
				GCC_C_LANGUAGE_STANDARD = gnu99;
				GCC_NO_COMMON_BLOCKS = YES;
				GCC_WARN_64_TO_32_BIT_CONVERSION = YES;
				GCC_WARN_ABOUT_RETURN_TYPE = YES_ERROR;
				GCC_WARN_UNDECLARED_SELECTOR = YES;
				GCC_WARN_UNINITIALIZED_AUTOS = YES_AGGRESSIVE;
				GCC_WARN_UNUSED_FUNCTION = YES;
				GCC_WARN_UNUSED_VARIABLE = YES;
				INFOPLIST_FILE = "";
				IPHONEOS_DEPLOYMENT_TARGET = 7.0;
				MTL_ENABLE_DEBUG_INFO = NO;
				PROVISIONING_PROFILE = "f4330004-78aa-4662-8de1-42cdfd074558";
				SDKROOT = iphoneos;
				VALIDATE_PRODUCT = YES;
			};
			name = Release;
		};
		E6758C7F1BEAC4D5005C1696 /* Debug */ = {
			isa = XCBuildConfiguration;
			baseConfigurationReference = 23E31CF8721E70B566D8D7B1 /* Pods.debug.xcconfig */;
			buildSettings = {
				ASSETCATALOG_COMPILER_APPICON_NAME = AppIcon;
				ASSETCATALOG_COMPILER_LAUNCHIMAGE_NAME = LaunchImage;
				CLANG_ENABLE_MODULES = YES;
				CODE_SIGN_IDENTITY = "iPhone Developer";
				ENABLE_BITCODE = NO;
				INFOPLIST_FILE = "air-health/Resources/Plists/Info.plist";
				IPHONEOS_DEPLOYMENT_TARGET = 7.0;
				LD_RUNPATH_SEARCH_PATHS = "$(inherited) @executable_path/Frameworks";
				OTHER_SWIFT_FLAGS = "-D DEBUG";
				PRODUCT_BUNDLE_IDENTIFIER = "com.isidentsu.air-health";
				PRODUCT_NAME = "$(TARGET_NAME)";
				SWIFT_OBJC_BRIDGING_HEADER = "air-health/Classes/air-health-Bridging-Header.h";
				SWIFT_OPTIMIZATION_LEVEL = "-Onone";
			};
			name = Debug;
		};
		E6758C801BEAC4D5005C1696 /* Release */ = {
			isa = XCBuildConfiguration;
			baseConfigurationReference = C87B605346AAD2704EEC5D7B /* Pods.release.xcconfig */;
			buildSettings = {
				ASSETCATALOG_COMPILER_APPICON_NAME = AppIcon;
				ASSETCATALOG_COMPILER_LAUNCHIMAGE_NAME = LaunchImage;
				CLANG_ENABLE_MODULES = YES;
				ENABLE_BITCODE = NO;
				INFOPLIST_FILE = "air-health/Resources/Plists/Info.plist";
				IPHONEOS_DEPLOYMENT_TARGET = 7.0;
				LD_RUNPATH_SEARCH_PATHS = "$(inherited) @executable_path/Frameworks";
				OTHER_SWIFT_FLAGS = "";
				PRODUCT_BUNDLE_IDENTIFIER = "com.isidentsu.air-health";
				PRODUCT_NAME = "$(TARGET_NAME)";
				SWIFT_OBJC_BRIDGING_HEADER = "air-health/Classes/air-health-Bridging-Header.h";
			};
			name = Release;
		};
/* End XCBuildConfiguration section */

/* Begin XCConfigurationList section */
		E6758C671BEAC4D5005C1696 /* Build configuration list for PBXProject "air-health" */ = {
			isa = XCConfigurationList;
			buildConfigurations = (
				E6758C7C1BEAC4D5005C1696 /* Debug */,
				E6758C7D1BEAC4D5005C1696 /* Release */,
			);
			defaultConfigurationIsVisible = 0;
			defaultConfigurationName = Release;
		};
		E6758C7E1BEAC4D5005C1696 /* Build configuration list for PBXNativeTarget "air-health" */ = {
			isa = XCConfigurationList;
			buildConfigurations = (
				E6758C7F1BEAC4D5005C1696 /* Debug */,
				E6758C801BEAC4D5005C1696 /* Release */,
			);
			defaultConfigurationIsVisible = 0;
			defaultConfigurationName = Release;
		};
/* End XCConfigurationList section */

/* Begin XCVersionGroup section */
		E6743ED21BFFF23000068DE7 /* AIRModel.xcdatamodeld */ = {
			isa = XCVersionGroup;
			children = (
				E6743ED31BFFF23000068DE7 /* AIRModel.xcdatamodel */,
			);
			currentVersion = E6743ED31BFFF23000068DE7 /* AIRModel.xcdatamodel */;
			path = AIRModel.xcdatamodeld;
			sourceTree = "<group>";
			versionGroupType = wrapper.xcdatamodel;
		};
/* End XCVersionGroup section */
	};
	rootObject = E6758C641BEAC4D5005C1696 /* Project object */;
}
